
Microsoft Visual Studio Solution File, Format Version 12.00
# Visual Studio 2017
Project("{FAE04EC0-301F-11D3-BF4B-00C04F79EFBC}") = "TimeMachine", "TimeMachine.csproj", "{9462DB2E-E079-B1D8-7F91-A1E4D7B34DF4}"
EndProject
Project("{FAE04EC0-301F-11D3-BF4B-00C04F79EFBC}") = "TimeMachine.Editor", "TimeMachine.Editor.csproj", "{EFDBB8AA-2ACE-1064-D8E2-8ABE67C41E72}"
EndProject
Global
	GlobalSection(SolutionConfigurationPlatforms) = preSolution
		Debug|Any CPU = Debug|Any CPU
		Release|Any CPU = Release|Any CPU
	EndGlobalSection
	GlobalSection(ProjectConfigurationPlatforms) = postSolution
		{9462DB2E-E079-B1D8-7F91-A1E4D7B34DF4}.Debug|Any CPU.ActiveCfg = Debug|Any CPU
		{9462DB2E-E079-B1D8-7F91-A1E4D7B34DF4}.Debug|Any CPU.Build.0 = Debug|Any CPU
		{9462DB2E-E079-B1D8-7F91-A1E4D7B34DF4}.Release|Any CPU.ActiveCfg = Release|Any CPU
		{9462DB2E-E079-B1D8-7F91-A1E4D7B34DF4}.Release|Any CPU.Build.0 = Release|Any CPU
		{EFDBB8AA-2ACE-1064-D8E2-8ABE67C41E72}.Debug|Any CPU.ActiveCfg = Debug|Any CPU
		{EFDBB8AA-2ACE-1064-D8E2-8ABE67C41E72}.Debug|Any CPU.Build.0 = Debug|Any CPU
		{EFDBB8AA-2ACE-1064-D8E2-8ABE67C41E72}.Release|Any CPU.ActiveCfg = Release|Any CPU
		{EFDBB8AA-2ACE-1064-D8E2-8ABE67C41E72}.Release|Any CPU.Build.0 = Release|Any CPU
	EndGlobalSection
	GlobalSection(SolutionProperties) = preSolution
		HideSolutionNode = FALSE
	EndGlobalSection
EndGlobal
